
Microsoft Visual Studio Solution File, Format Version 12.00
# Visual Studio Version 17
VisualStudioVersion = 17.3.32811.315
MinimumVisualStudioVersion = 10.0.40219.1
Project("{9A19103F-16F7-4668-BE54-9A1E7A4F7556}") = "Librería de Clases", "Librería de Clases\Librería de Clases.csproj", "{D2F5950A-2D0B-4FFD-AEA1-4D9DF889001A}"
EndProject
Project("{9A19103F-16F7-4668-BE54-9A1E7A4F7556}") = "Librería de Clases Validadoras", "Librería de Clases Validadoras\Librería de Clases Validadoras.csproj", "{9781955E-9B9F-419F-B1BA-482A5BBFACAF}"
EndProject
Project("{2150E333-8FDC-42A3-9474-1A3956D46DE8}") = "Clase01 - Introducción", "Clase01 - Introducción", "{36F1A6CB-5A30-4AC7-B9CB-45B94CBA2DBD}"
EndProject
Project("{9A19103F-16F7-4668-BE54-9A1E7A4F7556}") = "Ej1. Max, Min, Promedio", "Clase01 - Introducción\Ej1. Max, Min, Promedio\Ej1. Max, Min, Promedio.csproj", "{C7099885-1FDE-49B9-A949-8921ED7B6BD4}"
EndProject
Project("{9A19103F-16F7-4668-BE54-9A1E7A4F7556}") = "Ej2. Error al cubo", "Clase01 - Introducción\Ej2. Error al cubo\Ej2. Error al cubo.csproj", "{81FEEB15-77D6-4614-ADDF-14C8CF8C95E7}"
EndProject
Project("{9A19103F-16F7-4668-BE54-9A1E7A4F7556}") = "Ej3. Los primos", "Clase01 - Introducción\Ej3. Los primos\Ej3. Los primos.csproj", "{36D4E064-6775-4079-8F52-316AD0C0938A}"
EndProject
Project("{9A19103F-16F7-4668-BE54-9A1E7A4F7556}") = "Ej4. Numero Perfecto", "Clase01 - Introducción\Ej4. Numero Perfecto\Ej4. Numero Perfecto.csproj", "{A5888BEC-3245-4BA4-B904-64F4524390D8}"
EndProject
Project("{2150E333-8FDC-42A3-9474-1A3956D46DE8}") = "Clase02 - Clases y métodos estáticos", "Clase02 - Clases y métodos estáticos", "{3A6AAD5F-2377-4E93-9792-BBB463464005}"
EndProject
Project("{9A19103F-16F7-4668-BE54-9A1E7A4F7556}") = "Ej1. Validador de rangos", "Clase02 - Clases y métodos estáticos\Ej1. Validador de rangos\Ej1. Validador de rangos.csproj", "{E11440E4-E010-481D-92D7-0C19747574EB}"
EndProject
Project("{9A19103F-16F7-4668-BE54-9A1E7A4F7556}") = "Ej2. Desea Continuar", "Clase02 - Clases y métodos estáticos\Ej2. Desea Continuar\Ej2. Desea Continuar.csproj", "{CC719C32-FF7F-4133-8983-E2F6EE1CD74C}"
EndProject
Project("{2150E333-8FDC-42A3-9474-1A3956D46DE8}") = "Clase02 - Prog. Orientada a Objetos", "Clase02 - Prog. Orientada a Objetos", "{6CED2ACC-066E-413E-B117-1AF6E49267F4}"
EndProject
Project("{9A19103F-16F7-4668-BE54-9A1E7A4F7556}") = "Ej2. Cuantas primaveras tenes", "Clase02 - Prog. Orientada a Objetos\Ej2. Cuantas primaveras tenes\Ej2. Cuantas primaveras tenes.csproj", "{B8429A02-9F69-43C3-86AB-DF9AA2A3F4F9}"
EndProject
Project("{9A19103F-16F7-4668-BE54-9A1E7A4F7556}") = "Apunte 1", "Clase01 - Introducción\Apunte 1\Apunte 1.csproj", "{7201D151-8CDB-4CA4-A7AD-1AFFC876FE7E}"
EndProject
Project("{9A19103F-16F7-4668-BE54-9A1E7A4F7556}") = "Apunte 2", "Clase01 - Introducción\Apunte 2\Apunte 2.csproj", "{A5B31ECA-CC8C-43CE-A722-D862A29F8398}"
EndProject
Project("{9A19103F-16F7-4668-BE54-9A1E7A4F7556}") = "Apunte 3", "Clase01 - Introducción\Apunte 3\Apunte 3.csproj", "{8C324082-3F4C-445C-958F-C9782163057B}"
EndProject
Project("{9A19103F-16F7-4668-BE54-9A1E7A4F7556}") = "Ejemplo Guitarra", "Clase02 - Prog. Orientada a Objetos\Ejemplo Guitarra\Ejemplo Guitarra.csproj", "{35BE6CE8-3EB0-41B5-8F4D-3DD03C45800C}"
EndProject
Project("{9A19103F-16F7-4668-BE54-9A1E7A4F7556}") = "Ejemplo Aula", "Clase02 - Prog. Orientada a Objetos\Ejemplo Aula\Ejemplo Aula.csproj", "{EEA3C71F-F96D-4F91-9C78-8A041D07D1EB}"
EndProject
Project("{2150E333-8FDC-42A3-9474-1A3956D46DE8}") = "Clase03 - Clases y métodos estáticos", "Clase03 - Clases y métodos estáticos", "{9AF0ADAF-EC44-4E18-A6C3-EBA8A42F877B}"
EndProject
Project("{9A19103F-16F7-4668-BE54-9A1E7A4F7556}") = "Ej4. Calculadora", "Clase03 - Clases y métodos estáticos\Ej4. Calculadora\Ej4. Calculadora.csproj", "{8005320C-8D68-4173-8FAF-A3F6A2F54072}"
EndProject
Project("{9A19103F-16F7-4668-BE54-9A1E7A4F7556}") = "Ej9. Calcular un factorial", "Clase03 - Clases y métodos estáticos\Ej9. Calcular un factorial\Ej9. Calcular un factorial.csproj", "{1C1F4B18-0C45-4FB8-A1F6-FF2729B35098}"
EndProject
Project("{2150E333-8FDC-42A3-9474-1A3956D46DE8}") = "Clase05 - Colecciones", "Clase05 - Colecciones", "{7A6EFB21-CB6B-422D-B895-F7745FEF3062}"
EndProject
Project("{9A19103F-16F7-4668-BE54-9A1E7A4F7556}") = "Ej1. Maquina Expendedora", "Clase05 - Colecciones\Ej1. Maquina Expendedora\Ej1. Maquina Expendedora.csproj", "{BDD50E44-4C85-47D9-BD4D-4FC0846C33C2}"
EndProject
Project("{9A19103F-16F7-4668-BE54-9A1E7A4F7556}") = "Ej2. Se acabo la comida", "Clase05 - Colecciones\Ej2. Se acabo la comida\Ej2. Se acabo la comida.csproj", "{96AE4889-195F-48D6-9D2E-F28BF5B1352B}"
EndProject
Project("{9A19103F-16F7-4668-BE54-9A1E7A4F7556}") = "Ej4. Lo hacemos Buffet", "Clase05 - Colecciones\Ej4. Lo hacemos Buffet\Ej4. Lo hacemos Buffet.csproj", "{890146A4-846C-47D9-A8C0-D05C1A42E4CE}"
EndProject
Project("{9A19103F-16F7-4668-BE54-9A1E7A4F7556}") = "Ej3. Ahora hay que atender tambien", "Clase05 - Colecciones\Ej3. Ahora hay que atender tambien\Ej3. Ahora hay que atender tambien.csproj", "{5BFCB638-160F-46BF-BA90-642EA98CA462}"
EndProject
Project("{9A19103F-16F7-4668-BE54-9A1E7A4F7556}") = "Ej3. El ejemplo universal", "Clase02 - Prog. Orientada a Objetos\Ej3. El ejemplo universal\Ej3. El ejemplo universal.csproj", "{BE292F6B-F2D3-4623-B612-74CFDE83A7D1}"
EndProject
Project("{9A19103F-16F7-4668-BE54-9A1E7A4F7556}") = "Ej1. Necesito un prestamo", "Clase02 - Prog. Orientada a Objetos\Ej1. Necesito un prestamo\Ej1. Necesito un prestamo.csproj", "{2AA11B8A-E6B5-47C1-982E-D8E8CCD01FA2}"
EndProject
Project("{9A19103F-16F7-4668-BE54-9A1E7A4F7556}") = "Ej4. Invento argentino", "Clase02 - Prog. Orientada a Objetos\Ej4. Invento argentino\Ej4. Invento argentino.csproj", "{BFC17036-5F44-4058-8E8C-3ADFB8426962}"
EndProject
Project("{2150E333-8FDC-42A3-9474-1A3956D46DE8}") = "Clase04 - Sobrecargas", "Clase04 - Sobrecargas", "{28A2F85B-AEF2-4951-8278-2C68BA65F807}"
EndProject
Project("{9A19103F-16F7-4668-BE54-9A1E7A4F7556}") = "Ej1. Sumador", "Clase04 - Sobrecargas\Ej1. Sumador\Ej1. Sumador.csproj", "{38BA994F-158E-4271-895B-19E0C64170A2}"
EndProject
Project("{9A19103F-16F7-4668-BE54-9A1E7A4F7556}") = "I01. Numeros locos", "Clase05 - Colecciones\I01. Numeros locos\I01. Numeros locos.csproj", "{EE7AFFE3-62AD-4555-8880-F595F240CFDB}"
EndProject
Project("{9A19103F-16F7-4668-BE54-9A1E7A4F7556}") = "I02. Numeros locos II", "Clase05 - Colecciones\I02. Numeros locos II\I02. Numeros locos II.csproj", "{9BCD12CD-DA53-4462-9DE9-8900DF7D125B}"
EndProject
Project("{2150E333-8FDC-42A3-9474-1A3956D46DE8}") = "Clase06 - WindowsForm", "Clase06 - WindowsForm", "{B8AFD510-100B-4C12-A20A-777CE129A267}"
EndProject
Project("{9A19103F-16F7-4668-BE54-9A1E7A4F7556}") = "PrimerFormulario", "Clase06 - WindowsForm\PrimerFormulario\PrimerFormulario.csproj", "{7C1E2794-58FF-4F15-843B-1DC4D5713494}"
EndProject
Project("{9A19103F-16F7-4668-BE54-9A1E7A4F7556}") = "I02. Registrate", "Clase06 - WindowsForm\I02. Registrate\I02. Registrate.csproj", "{39BDED7D-4701-4B14-93D2-BAD935893BD4}"
EndProject
Project("{9A19103F-16F7-4668-BE54-9A1E7A4F7556}") = "Ej2. Cotizador", "Clase04 - Sobrecargas\Ej2. Cotizador\Ej2. Cotizador.csproj", "{BD1E072C-F274-438D-879D-DD9BF040D0FC}"
EndProject
Project("{9A19103F-16F7-4668-BE54-9A1E7A4F7556}") = "C01. Cotizador desktop", "Clase06 - WindowsForm\C01. Cotizador desktop\C01. Cotizador desktop.csproj", "{F2107314-4C74-414B-9A1B-31C8F3BEB244}"
EndProject
Project("{9A19103F-16F7-4668-BE54-9A1E7A4F7556}") = "A01. Fahrenheit 451", "Clase04 - Sobrecargas\A01. Fahrenheit 451\A01. Fahrenheit 451.csproj", "{279D4AE3-06F2-49FF-9BE1-66DD34C04FAD}"
EndProject
Project("{9A19103F-16F7-4668-BE54-9A1E7A4F7556}") = "Escalas", "Clase04 - Sobrecargas\Escalas\Escalas.csproj", "{564BF473-3F3E-4786-AE42-2F9963CDD854}"
EndProject
Project("{9A19103F-16F7-4668-BE54-9A1E7A4F7556}") = "C02. Vulcano", "Clase06 - WindowsForm\C02. Vulcano\C02. Vulcano.csproj", "{E8956DFC-BD65-45B7-A83F-8156B4E4A276}"
EndProject
Project("{2150E333-8FDC-42A3-9474-1A3956D46DE8}") = "Clase07 - Herencia", "Clase07 - Herencia", "{4A68D0A8-9A85-492B-A41D-332BA98B021A}"
EndProject
Project("{9A19103F-16F7-4668-BE54-9A1E7A4F7556}") = "Biblioteca de clases", "Clase07 - Herencia\Biblioteca de clases\Biblioteca de clases.csproj", "{461E69D2-87AF-4A3E-90D9-576F80382CF7}"
EndProject
Project("{9A19103F-16F7-4668-BE54-9A1E7A4F7556}") = "Ejemplo", "Clase07 - Herencia\Ejemplo\Ejemplo.csproj", "{E0B00F90-0E12-4559-855D-8AD0977D2F30}"
EndProject
Project("{9A19103F-16F7-4668-BE54-9A1E7A4F7556}") = "C01. Herencia deportiva", "Clase07 - Herencia\C01. Herencia deportiva\C01. Herencia deportiva.csproj", "{65FDEE51-98DF-4EEA-B39D-8C3D88E80175}"
EndProject
Project("{9A19103F-16F7-4668-BE54-9A1E7A4F7556}") = "Clases deportivas", "Clase05 - Colecciones\Clases deportivas\Clases deportivas.csproj", "{4F0C56BE-2B3D-49C9-9981-BDC4DE6ACE80}"
EndProject
Project("{9A19103F-16F7-4668-BE54-9A1E7A4F7556}") = "C01. Estadistica Deportiva", "Clase05 - Colecciones\C01. Estadistica Deportiva\C01. Estadistica Deportiva.csproj", "{248BAF11-7F3E-4C0D-BC48-EE29335EF44B}"
EndProject
Project("{FAE04EC0-301F-11D3-BF4B-00C04F79EFBC}") = "I03. A contar palabras", "Clase05 - Colecciones\I03. A contar palabras\I03. A contar palabras.csproj", "{04E44E2B-767B-43AE-BEB3-F26D905457C8}"
EndProject
Global
	GlobalSection(SolutionConfigurationPlatforms) = preSolution
		Debug|Any CPU = Debug|Any CPU
		Release|Any CPU = Release|Any CPU
	EndGlobalSection
	GlobalSection(ProjectConfigurationPlatforms) = postSolution
		{D2F5950A-2D0B-4FFD-AEA1-4D9DF889001A}.Debug|Any CPU.ActiveCfg = Debug|Any CPU
		{D2F5950A-2D0B-4FFD-AEA1-4D9DF889001A}.Debug|Any CPU.Build.0 = Debug|Any CPU
		{D2F5950A-2D0B-4FFD-AEA1-4D9DF889001A}.Release|Any CPU.ActiveCfg = Release|Any CPU
		{D2F5950A-2D0B-4FFD-AEA1-4D9DF889001A}.Release|Any CPU.Build.0 = Release|Any CPU
		{9781955E-9B9F-419F-B1BA-482A5BBFACAF}.Debug|Any CPU.ActiveCfg = Debug|Any CPU
		{9781955E-9B9F-419F-B1BA-482A5BBFACAF}.Debug|Any CPU.Build.0 = Debug|Any CPU
		{9781955E-9B9F-419F-B1BA-482A5BBFACAF}.Release|Any CPU.ActiveCfg = Release|Any CPU
		{9781955E-9B9F-419F-B1BA-482A5BBFACAF}.Release|Any CPU.Build.0 = Release|Any CPU
		{C7099885-1FDE-49B9-A949-8921ED7B6BD4}.Debug|Any CPU.ActiveCfg = Debug|Any CPU
		{C7099885-1FDE-49B9-A949-8921ED7B6BD4}.Debug|Any CPU.Build.0 = Debug|Any CPU
		{C7099885-1FDE-49B9-A949-8921ED7B6BD4}.Release|Any CPU.ActiveCfg = Release|Any CPU
		{C7099885-1FDE-49B9-A949-8921ED7B6BD4}.Release|Any CPU.Build.0 = Release|Any CPU
		{81FEEB15-77D6-4614-ADDF-14C8CF8C95E7}.Debug|Any CPU.ActiveCfg = Debug|Any CPU
		{81FEEB15-77D6-4614-ADDF-14C8CF8C95E7}.Debug|Any CPU.Build.0 = Debug|Any CPU
		{81FEEB15-77D6-4614-ADDF-14C8CF8C95E7}.Release|Any CPU.ActiveCfg = Release|Any CPU
		{81FEEB15-77D6-4614-ADDF-14C8CF8C95E7}.Release|Any CPU.Build.0 = Release|Any CPU
		{36D4E064-6775-4079-8F52-316AD0C0938A}.Debug|Any CPU.ActiveCfg = Debug|Any CPU
		{36D4E064-6775-4079-8F52-316AD0C0938A}.Debug|Any CPU.Build.0 = Debug|Any CPU
		{36D4E064-6775-4079-8F52-316AD0C0938A}.Release|Any CPU.ActiveCfg = Release|Any CPU
		{36D4E064-6775-4079-8F52-316AD0C0938A}.Release|Any CPU.Build.0 = Release|Any CPU
		{A5888BEC-3245-4BA4-B904-64F4524390D8}.Debug|Any CPU.ActiveCfg = Debug|Any CPU
		{A5888BEC-3245-4BA4-B904-64F4524390D8}.Debug|Any CPU.Build.0 = Debug|Any CPU
		{A5888BEC-3245-4BA4-B904-64F4524390D8}.Release|Any CPU.ActiveCfg = Release|Any CPU
		{A5888BEC-3245-4BA4-B904-64F4524390D8}.Release|Any CPU.Build.0 = Release|Any CPU
		{E11440E4-E010-481D-92D7-0C19747574EB}.Debug|Any CPU.ActiveCfg = Debug|Any CPU
		{E11440E4-E010-481D-92D7-0C19747574EB}.Debug|Any CPU.Build.0 = Debug|Any CPU
		{E11440E4-E010-481D-92D7-0C19747574EB}.Release|Any CPU.ActiveCfg = Release|Any CPU
		{E11440E4-E010-481D-92D7-0C19747574EB}.Release|Any CPU.Build.0 = Release|Any CPU
		{CC719C32-FF7F-4133-8983-E2F6EE1CD74C}.Debug|Any CPU.ActiveCfg = Debug|Any CPU
		{CC719C32-FF7F-4133-8983-E2F6EE1CD74C}.Debug|Any CPU.Build.0 = Debug|Any CPU
		{CC719C32-FF7F-4133-8983-E2F6EE1CD74C}.Release|Any CPU.ActiveCfg = Release|Any CPU
		{CC719C32-FF7F-4133-8983-E2F6EE1CD74C}.Release|Any CPU.Build.0 = Release|Any CPU
		{B8429A02-9F69-43C3-86AB-DF9AA2A3F4F9}.Debug|Any CPU.ActiveCfg = Debug|Any CPU
		{B8429A02-9F69-43C3-86AB-DF9AA2A3F4F9}.Debug|Any CPU.Build.0 = Debug|Any CPU
		{B8429A02-9F69-43C3-86AB-DF9AA2A3F4F9}.Release|Any CPU.ActiveCfg = Release|Any CPU
		{B8429A02-9F69-43C3-86AB-DF9AA2A3F4F9}.Release|Any CPU.Build.0 = Release|Any CPU
		{7201D151-8CDB-4CA4-A7AD-1AFFC876FE7E}.Debug|Any CPU.ActiveCfg = Debug|Any CPU
		{7201D151-8CDB-4CA4-A7AD-1AFFC876FE7E}.Debug|Any CPU.Build.0 = Debug|Any CPU
		{7201D151-8CDB-4CA4-A7AD-1AFFC876FE7E}.Release|Any CPU.ActiveCfg = Release|Any CPU
		{7201D151-8CDB-4CA4-A7AD-1AFFC876FE7E}.Release|Any CPU.Build.0 = Release|Any CPU
		{A5B31ECA-CC8C-43CE-A722-D862A29F8398}.Debug|Any CPU.ActiveCfg = Debug|Any CPU
		{A5B31ECA-CC8C-43CE-A722-D862A29F8398}.Debug|Any CPU.Build.0 = Debug|Any CPU
		{A5B31ECA-CC8C-43CE-A722-D862A29F8398}.Release|Any CPU.ActiveCfg = Release|Any CPU
		{A5B31ECA-CC8C-43CE-A722-D862A29F8398}.Release|Any CPU.Build.0 = Release|Any CPU
		{8C324082-3F4C-445C-958F-C9782163057B}.Debug|Any CPU.ActiveCfg = Debug|Any CPU
		{8C324082-3F4C-445C-958F-C9782163057B}.Debug|Any CPU.Build.0 = Debug|Any CPU
		{8C324082-3F4C-445C-958F-C9782163057B}.Release|Any CPU.ActiveCfg = Release|Any CPU
		{8C324082-3F4C-445C-958F-C9782163057B}.Release|Any CPU.Build.0 = Release|Any CPU
		{35BE6CE8-3EB0-41B5-8F4D-3DD03C45800C}.Debug|Any CPU.ActiveCfg = Debug|Any CPU
		{35BE6CE8-3EB0-41B5-8F4D-3DD03C45800C}.Debug|Any CPU.Build.0 = Debug|Any CPU
		{35BE6CE8-3EB0-41B5-8F4D-3DD03C45800C}.Release|Any CPU.ActiveCfg = Release|Any CPU
		{35BE6CE8-3EB0-41B5-8F4D-3DD03C45800C}.Release|Any CPU.Build.0 = Release|Any CPU
		{EEA3C71F-F96D-4F91-9C78-8A041D07D1EB}.Debug|Any CPU.ActiveCfg = Debug|Any CPU
		{EEA3C71F-F96D-4F91-9C78-8A041D07D1EB}.Debug|Any CPU.Build.0 = Debug|Any CPU
		{EEA3C71F-F96D-4F91-9C78-8A041D07D1EB}.Release|Any CPU.ActiveCfg = Release|Any CPU
		{EEA3C71F-F96D-4F91-9C78-8A041D07D1EB}.Release|Any CPU.Build.0 = Release|Any CPU
		{8005320C-8D68-4173-8FAF-A3F6A2F54072}.Debug|Any CPU.ActiveCfg = Debug|Any CPU
		{8005320C-8D68-4173-8FAF-A3F6A2F54072}.Debug|Any CPU.Build.0 = Debug|Any CPU
		{8005320C-8D68-4173-8FAF-A3F6A2F54072}.Release|Any CPU.ActiveCfg = Release|Any CPU
		{8005320C-8D68-4173-8FAF-A3F6A2F54072}.Release|Any CPU.Build.0 = Release|Any CPU
		{1C1F4B18-0C45-4FB8-A1F6-FF2729B35098}.Debug|Any CPU.ActiveCfg = Debug|Any CPU
		{1C1F4B18-0C45-4FB8-A1F6-FF2729B35098}.Debug|Any CPU.Build.0 = Debug|Any CPU
		{1C1F4B18-0C45-4FB8-A1F6-FF2729B35098}.Release|Any CPU.ActiveCfg = Release|Any CPU
		{1C1F4B18-0C45-4FB8-A1F6-FF2729B35098}.Release|Any CPU.Build.0 = Release|Any CPU
		{BDD50E44-4C85-47D9-BD4D-4FC0846C33C2}.Debug|Any CPU.ActiveCfg = Debug|Any CPU
		{BDD50E44-4C85-47D9-BD4D-4FC0846C33C2}.Debug|Any CPU.Build.0 = Debug|Any CPU
		{BDD50E44-4C85-47D9-BD4D-4FC0846C33C2}.Release|Any CPU.ActiveCfg = Release|Any CPU
		{BDD50E44-4C85-47D9-BD4D-4FC0846C33C2}.Release|Any CPU.Build.0 = Release|Any CPU
		{96AE4889-195F-48D6-9D2E-F28BF5B1352B}.Debug|Any CPU.ActiveCfg = Debug|Any CPU
		{96AE4889-195F-48D6-9D2E-F28BF5B1352B}.Debug|Any CPU.Build.0 = Debug|Any CPU
		{96AE4889-195F-48D6-9D2E-F28BF5B1352B}.Release|Any CPU.ActiveCfg = Release|Any CPU
		{96AE4889-195F-48D6-9D2E-F28BF5B1352B}.Release|Any CPU.Build.0 = Release|Any CPU
		{890146A4-846C-47D9-A8C0-D05C1A42E4CE}.Debug|Any CPU.ActiveCfg = Debug|Any CPU
		{890146A4-846C-47D9-A8C0-D05C1A42E4CE}.Debug|Any CPU.Build.0 = Debug|Any CPU
		{890146A4-846C-47D9-A8C0-D05C1A42E4CE}.Release|Any CPU.ActiveCfg = Release|Any CPU
		{890146A4-846C-47D9-A8C0-D05C1A42E4CE}.Release|Any CPU.Build.0 = Release|Any CPU
		{5BFCB638-160F-46BF-BA90-642EA98CA462}.Debug|Any CPU.ActiveCfg = Debug|Any CPU
		{5BFCB638-160F-46BF-BA90-642EA98CA462}.Debug|Any CPU.Build.0 = Debug|Any CPU
		{5BFCB638-160F-46BF-BA90-642EA98CA462}.Release|Any CPU.ActiveCfg = Release|Any CPU
		{5BFCB638-160F-46BF-BA90-642EA98CA462}.Release|Any CPU.Build.0 = Release|Any CPU
		{BE292F6B-F2D3-4623-B612-74CFDE83A7D1}.Debug|Any CPU.ActiveCfg = Debug|Any CPU
		{BE292F6B-F2D3-4623-B612-74CFDE83A7D1}.Debug|Any CPU.Build.0 = Debug|Any CPU
		{BE292F6B-F2D3-4623-B612-74CFDE83A7D1}.Release|Any CPU.ActiveCfg = Release|Any CPU
		{BE292F6B-F2D3-4623-B612-74CFDE83A7D1}.Release|Any CPU.Build.0 = Release|Any CPU
		{2AA11B8A-E6B5-47C1-982E-D8E8CCD01FA2}.Debug|Any CPU.ActiveCfg = Debug|Any CPU
		{2AA11B8A-E6B5-47C1-982E-D8E8CCD01FA2}.Debug|Any CPU.Build.0 = Debug|Any CPU
		{2AA11B8A-E6B5-47C1-982E-D8E8CCD01FA2}.Release|Any CPU.ActiveCfg = Release|Any CPU
		{2AA11B8A-E6B5-47C1-982E-D8E8CCD01FA2}.Release|Any CPU.Build.0 = Release|Any CPU
		{BFC17036-5F44-4058-8E8C-3ADFB8426962}.Debug|Any CPU.ActiveCfg = Debug|Any CPU
		{BFC17036-5F44-4058-8E8C-3ADFB8426962}.Debug|Any CPU.Build.0 = Debug|Any CPU
		{BFC17036-5F44-4058-8E8C-3ADFB8426962}.Release|Any CPU.ActiveCfg = Release|Any CPU
		{BFC17036-5F44-4058-8E8C-3ADFB8426962}.Release|Any CPU.Build.0 = Release|Any CPU
		{38BA994F-158E-4271-895B-19E0C64170A2}.Debug|Any CPU.ActiveCfg = Debug|Any CPU
		{38BA994F-158E-4271-895B-19E0C64170A2}.Debug|Any CPU.Build.0 = Debug|Any CPU
		{38BA994F-158E-4271-895B-19E0C64170A2}.Release|Any CPU.ActiveCfg = Release|Any CPU
		{38BA994F-158E-4271-895B-19E0C64170A2}.Release|Any CPU.Build.0 = Release|Any CPU
		{EE7AFFE3-62AD-4555-8880-F595F240CFDB}.Debug|Any CPU.ActiveCfg = Debug|Any CPU
		{EE7AFFE3-62AD-4555-8880-F595F240CFDB}.Debug|Any CPU.Build.0 = Debug|Any CPU
		{EE7AFFE3-62AD-4555-8880-F595F240CFDB}.Release|Any CPU.ActiveCfg = Release|Any CPU
		{EE7AFFE3-62AD-4555-8880-F595F240CFDB}.Release|Any CPU.Build.0 = Release|Any CPU
		{9BCD12CD-DA53-4462-9DE9-8900DF7D125B}.Debug|Any CPU.ActiveCfg = Debug|Any CPU
		{9BCD12CD-DA53-4462-9DE9-8900DF7D125B}.Debug|Any CPU.Build.0 = Debug|Any CPU
		{9BCD12CD-DA53-4462-9DE9-8900DF7D125B}.Release|Any CPU.ActiveCfg = Release|Any CPU
		{9BCD12CD-DA53-4462-9DE9-8900DF7D125B}.Release|Any CPU.Build.0 = Release|Any CPU
		{7C1E2794-58FF-4F15-843B-1DC4D5713494}.Debug|Any CPU.ActiveCfg = Debug|Any CPU
		{7C1E2794-58FF-4F15-843B-1DC4D5713494}.Debug|Any CPU.Build.0 = Debug|Any CPU
		{7C1E2794-58FF-4F15-843B-1DC4D5713494}.Release|Any CPU.ActiveCfg = Release|Any CPU
		{7C1E2794-58FF-4F15-843B-1DC4D5713494}.Release|Any CPU.Build.0 = Release|Any CPU
		{39BDED7D-4701-4B14-93D2-BAD935893BD4}.Debug|Any CPU.ActiveCfg = Debug|Any CPU
		{39BDED7D-4701-4B14-93D2-BAD935893BD4}.Debug|Any CPU.Build.0 = Debug|Any CPU
		{39BDED7D-4701-4B14-93D2-BAD935893BD4}.Release|Any CPU.ActiveCfg = Release|Any CPU
		{39BDED7D-4701-4B14-93D2-BAD935893BD4}.Release|Any CPU.Build.0 = Release|Any CPU
		{BD1E072C-F274-438D-879D-DD9BF040D0FC}.Debug|Any CPU.ActiveCfg = Debug|Any CPU
		{BD1E072C-F274-438D-879D-DD9BF040D0FC}.Debug|Any CPU.Build.0 = Debug|Any CPU
		{BD1E072C-F274-438D-879D-DD9BF040D0FC}.Release|Any CPU.ActiveCfg = Release|Any CPU
		{BD1E072C-F274-438D-879D-DD9BF040D0FC}.Release|Any CPU.Build.0 = Release|Any CPU
		{F2107314-4C74-414B-9A1B-31C8F3BEB244}.Debug|Any CPU.ActiveCfg = Debug|Any CPU
		{F2107314-4C74-414B-9A1B-31C8F3BEB244}.Debug|Any CPU.Build.0 = Debug|Any CPU
		{F2107314-4C74-414B-9A1B-31C8F3BEB244}.Release|Any CPU.ActiveCfg = Release|Any CPU
		{F2107314-4C74-414B-9A1B-31C8F3BEB244}.Release|Any CPU.Build.0 = Release|Any CPU
		{279D4AE3-06F2-49FF-9BE1-66DD34C04FAD}.Debug|Any CPU.ActiveCfg = Debug|Any CPU
		{279D4AE3-06F2-49FF-9BE1-66DD34C04FAD}.Debug|Any CPU.Build.0 = Debug|Any CPU
		{279D4AE3-06F2-49FF-9BE1-66DD34C04FAD}.Release|Any CPU.ActiveCfg = Release|Any CPU
		{279D4AE3-06F2-49FF-9BE1-66DD34C04FAD}.Release|Any CPU.Build.0 = Release|Any CPU
		{564BF473-3F3E-4786-AE42-2F9963CDD854}.Debug|Any CPU.ActiveCfg = Debug|Any CPU
		{564BF473-3F3E-4786-AE42-2F9963CDD854}.Debug|Any CPU.Build.0 = Debug|Any CPU
		{564BF473-3F3E-4786-AE42-2F9963CDD854}.Release|Any CPU.ActiveCfg = Release|Any CPU
		{564BF473-3F3E-4786-AE42-2F9963CDD854}.Release|Any CPU.Build.0 = Release|Any CPU
		{E8956DFC-BD65-45B7-A83F-8156B4E4A276}.Debug|Any CPU.ActiveCfg = Debug|Any CPU
		{E8956DFC-BD65-45B7-A83F-8156B4E4A276}.Debug|Any CPU.Build.0 = Debug|Any CPU
		{E8956DFC-BD65-45B7-A83F-8156B4E4A276}.Release|Any CPU.ActiveCfg = Release|Any CPU
		{E8956DFC-BD65-45B7-A83F-8156B4E4A276}.Release|Any CPU.Build.0 = Release|Any CPU
		{461E69D2-87AF-4A3E-90D9-576F80382CF7}.Debug|Any CPU.ActiveCfg = Debug|Any CPU
		{461E69D2-87AF-4A3E-90D9-576F80382CF7}.Debug|Any CPU.Build.0 = Debug|Any CPU
		{461E69D2-87AF-4A3E-90D9-576F80382CF7}.Release|Any CPU.ActiveCfg = Release|Any CPU
		{461E69D2-87AF-4A3E-90D9-576F80382CF7}.Release|Any CPU.Build.0 = Release|Any CPU
		{E0B00F90-0E12-4559-855D-8AD0977D2F30}.Debug|Any CPU.ActiveCfg = Debug|Any CPU
		{E0B00F90-0E12-4559-855D-8AD0977D2F30}.Debug|Any CPU.Build.0 = Debug|Any CPU
		{E0B00F90-0E12-4559-855D-8AD0977D2F30}.Release|Any CPU.ActiveCfg = Release|Any CPU
		{E0B00F90-0E12-4559-855D-8AD0977D2F30}.Release|Any CPU.Build.0 = Release|Any CPU
		{65FDEE51-98DF-4EEA-B39D-8C3D88E80175}.Debug|Any CPU.ActiveCfg = Debug|Any CPU
		{65FDEE51-98DF-4EEA-B39D-8C3D88E80175}.Debug|Any CPU.Build.0 = Debug|Any CPU
		{65FDEE51-98DF-4EEA-B39D-8C3D88E80175}.Release|Any CPU.ActiveCfg = Release|Any CPU
		{65FDEE51-98DF-4EEA-B39D-8C3D88E80175}.Release|Any CPU.Build.0 = Release|Any CPU
		{4F0C56BE-2B3D-49C9-9981-BDC4DE6ACE80}.Debug|Any CPU.ActiveCfg = Debug|Any CPU
		{4F0C56BE-2B3D-49C9-9981-BDC4DE6ACE80}.Debug|Any CPU.Build.0 = Debug|Any CPU
		{4F0C56BE-2B3D-49C9-9981-BDC4DE6ACE80}.Release|Any CPU.ActiveCfg = Release|Any CPU
		{4F0C56BE-2B3D-49C9-9981-BDC4DE6ACE80}.Release|Any CPU.Build.0 = Release|Any CPU
		{248BAF11-7F3E-4C0D-BC48-EE29335EF44B}.Debug|Any CPU.ActiveCfg = Debug|Any CPU
		{248BAF11-7F3E-4C0D-BC48-EE29335EF44B}.Debug|Any CPU.Build.0 = Debug|Any CPU
		{248BAF11-7F3E-4C0D-BC48-EE29335EF44B}.Release|Any CPU.ActiveCfg = Release|Any CPU
		{248BAF11-7F3E-4C0D-BC48-EE29335EF44B}.Release|Any CPU.Build.0 = Release|Any CPU
		{04E44E2B-767B-43AE-BEB3-F26D905457C8}.Debug|Any CPU.ActiveCfg = Debug|Any CPU
		{04E44E2B-767B-43AE-BEB3-F26D905457C8}.Debug|Any CPU.Build.0 = Debug|Any CPU
		{04E44E2B-767B-43AE-BEB3-F26D905457C8}.Release|Any CPU.ActiveCfg = Release|Any CPU
		{04E44E2B-767B-43AE-BEB3-F26D905457C8}.Release|Any CPU.Build.0 = Release|Any CPU
	EndGlobalSection
	GlobalSection(SolutionProperties) = preSolution
		HideSolutionNode = FALSE
	EndGlobalSection
	GlobalSection(NestedProjects) = preSolution
		{C7099885-1FDE-49B9-A949-8921ED7B6BD4} = {36F1A6CB-5A30-4AC7-B9CB-45B94CBA2DBD}
		{81FEEB15-77D6-4614-ADDF-14C8CF8C95E7} = {36F1A6CB-5A30-4AC7-B9CB-45B94CBA2DBD}
		{36D4E064-6775-4079-8F52-316AD0C0938A} = {36F1A6CB-5A30-4AC7-B9CB-45B94CBA2DBD}
		{A5888BEC-3245-4BA4-B904-64F4524390D8} = {36F1A6CB-5A30-4AC7-B9CB-45B94CBA2DBD}
		{E11440E4-E010-481D-92D7-0C19747574EB} = {3A6AAD5F-2377-4E93-9792-BBB463464005}
		{CC719C32-FF7F-4133-8983-E2F6EE1CD74C} = {3A6AAD5F-2377-4E93-9792-BBB463464005}
		{B8429A02-9F69-43C3-86AB-DF9AA2A3F4F9} = {6CED2ACC-066E-413E-B117-1AF6E49267F4}
		{7201D151-8CDB-4CA4-A7AD-1AFFC876FE7E} = {36F1A6CB-5A30-4AC7-B9CB-45B94CBA2DBD}
		{A5B31ECA-CC8C-43CE-A722-D862A29F8398} = {36F1A6CB-5A30-4AC7-B9CB-45B94CBA2DBD}
		{8C324082-3F4C-445C-958F-C9782163057B} = {36F1A6CB-5A30-4AC7-B9CB-45B94CBA2DBD}
		{35BE6CE8-3EB0-41B5-8F4D-3DD03C45800C} = {6CED2ACC-066E-413E-B117-1AF6E49267F4}
		{EEA3C71F-F96D-4F91-9C78-8A041D07D1EB} = {6CED2ACC-066E-413E-B117-1AF6E49267F4}
		{8005320C-8D68-4173-8FAF-A3F6A2F54072} = {9AF0ADAF-EC44-4E18-A6C3-EBA8A42F877B}
		{1C1F4B18-0C45-4FB8-A1F6-FF2729B35098} = {9AF0ADAF-EC44-4E18-A6C3-EBA8A42F877B}
		{BDD50E44-4C85-47D9-BD4D-4FC0846C33C2} = {7A6EFB21-CB6B-422D-B895-F7745FEF3062}
		{96AE4889-195F-48D6-9D2E-F28BF5B1352B} = {7A6EFB21-CB6B-422D-B895-F7745FEF3062}
		{890146A4-846C-47D9-A8C0-D05C1A42E4CE} = {7A6EFB21-CB6B-422D-B895-F7745FEF3062}
		{5BFCB638-160F-46BF-BA90-642EA98CA462} = {7A6EFB21-CB6B-422D-B895-F7745FEF3062}
		{BE292F6B-F2D3-4623-B612-74CFDE83A7D1} = {6CED2ACC-066E-413E-B117-1AF6E49267F4}
		{2AA11B8A-E6B5-47C1-982E-D8E8CCD01FA2} = {6CED2ACC-066E-413E-B117-1AF6E49267F4}
		{BFC17036-5F44-4058-8E8C-3ADFB8426962} = {6CED2ACC-066E-413E-B117-1AF6E49267F4}
		{38BA994F-158E-4271-895B-19E0C64170A2} = {28A2F85B-AEF2-4951-8278-2C68BA65F807}
		{EE7AFFE3-62AD-4555-8880-F595F240CFDB} = {7A6EFB21-CB6B-422D-B895-F7745FEF3062}
		{9BCD12CD-DA53-4462-9DE9-8900DF7D125B} = {7A6EFB21-CB6B-422D-B895-F7745FEF3062}
		{7C1E2794-58FF-4F15-843B-1DC4D5713494} = {B8AFD510-100B-4C12-A20A-777CE129A267}
		{39BDED7D-4701-4B14-93D2-BAD935893BD4} = {B8AFD510-100B-4C12-A20A-777CE129A267}
		{BD1E072C-F274-438D-879D-DD9BF040D0FC} = {28A2F85B-AEF2-4951-8278-2C68BA65F807}
		{F2107314-4C74-414B-9A1B-31C8F3BEB244} = {B8AFD510-100B-4C12-A20A-777CE129A267}
		{279D4AE3-06F2-49FF-9BE1-66DD34C04FAD} = {7A6EFB21-CB6B-422D-B895-F7745FEF3062}
		{564BF473-3F3E-4786-AE42-2F9963CDD854} = {7A6EFB21-CB6B-422D-B895-F7745FEF3062}
		{E8956DFC-BD65-45B7-A83F-8156B4E4A276} = {B8AFD510-100B-4C12-A20A-777CE129A267}
		{461E69D2-87AF-4A3E-90D9-576F80382CF7} = {4A68D0A8-9A85-492B-A41D-332BA98B021A}
		{E0B00F90-0E12-4559-855D-8AD0977D2F30} = {4A68D0A8-9A85-492B-A41D-332BA98B021A}
		{65FDEE51-98DF-4EEA-B39D-8C3D88E80175} = {4A68D0A8-9A85-492B-A41D-332BA98B021A}
		{4F0C56BE-2B3D-49C9-9981-BDC4DE6ACE80} = {7A6EFB21-CB6B-422D-B895-F7745FEF3062}
		{248BAF11-7F3E-4C0D-BC48-EE29335EF44B} = {7A6EFB21-CB6B-422D-B895-F7745FEF3062}
		{04E44E2B-767B-43AE-BEB3-F26D905457C8} = {7A6EFB21-CB6B-422D-B895-F7745FEF3062}
	EndGlobalSection
	GlobalSection(ExtensibilityGlobals) = postSolution
		SolutionGuid = {AA931176-7374-4DCC-BE7C-E2E932B687CF}
	EndGlobalSection
EndGlobal
